<?xml version="1.0" encoding="utf-8"?>
<Project ToolsVersion="4.0" xmlns="http://schemas.microsoft.com/developer/msbuild/2003">
  <ItemGroup>
    <Filter Include="Source Files">
      <UniqueIdentifier>{4FC737F1-C7A5-4376-A066-2A32D752A2FF}</UniqueIdentifier>
      <Extensions>cpp;c;cc;cxx;def;odl;idl;hpj;bat;asm;asmx</Extensions>
    </Filter>
    <Filter Include="Header Files">
      <UniqueIdentifier>{93995380-89BD-4b04-88EB-625FBE52EBFB}</UniqueIdentifier>
      <Extensions>h;hpp;hxx;hm;inl;inc;xsd</Extensions>
    </Filter>
    <Filter Include="Resource Files">
      <UniqueIdentifier>{67DA6AB6-F800-4c08-8B7A-83BB121AAD01}</UniqueIdentifier>
      <Extensions>rc;ico;cur;bmp;dlg;rc2;rct;bin;rgs;gif;jpg;jpeg;jpe;resx;tiff;tif;png;wav;mfcribbon-ms</Extensions>
    </Filter>
    <Filter Include="Driver Files">
      <UniqueIdentifier>{8E41214B-6785-4CFE-B992-037D68949A14}</UniqueIdentifier>
      <Extensions>inf;inv;inx;mof;mc;</Extensions>
    </Filter>
    <Filter Include="Source Files\Registry">
      <UniqueIdentifier>{c490ddef-d908-4637-b21c-0232b9f53a39}</UniqueIdentifier>
    </Filter>
    <Filter Include="Header Files\Registry">
      <UniqueIdentifier>{e446f364-a2ef-4e80-86e1-819c334d4bc9}</UniqueIdentifier>
    </Filter>
    <Filter Include="Header Files\Log">
      <UniqueIdentifier>{28ec9a99-9037-4eb9-99fe-0fabd45e7e01}</UniqueIdentifier>
    </Filter>
    <Filter Include="Header Files\Notification">
      <UniqueIdentifier>{97e42e1b-b6c9-4263-96ef-4e87d25ea102}</UniqueIdentifier>
    </Filter>
    <Filter Include="Source Files\Notification">
      <UniqueIdentifier>{b151069d-4b60-4844-bbdc-3fbe3c1df94f}</UniqueIdentifier>
    </Filter>
    <Filter Include="Source Files\DeviceIO">
      <UniqueIdentifier>{438f87a3-530f-4313-bb72-605832e77123}</UniqueIdentifier>
    </Filter>
    <Filter Include="Header Files\DeviceIO">
      <UniqueIdentifier>{8a52553a-d6ec-4abd-8147-54225a7f49a4}</UniqueIdentifier>
    </Filter>
    <Filter Include="Source Files\Util">
      <UniqueIdentifier>{013c661c-0913-43f3-8e66-f1b1b979de63}</UniqueIdentifier>
    </Filter>
    <Filter Include="Header Files\Util">
      <UniqueIdentifier>{d52cedb0-01d3-425e-8355-d1f8c6d51e2a}</UniqueIdentifier>
    </Filter>
    <Filter Include="Source Files\Process">
      <UniqueIdentifier>{cca0ff47-fd6b-4af8-89ca-348c324498d2}</UniqueIdentifier>
    </Filter>
    <Filter Include="Header Files\Process">
      <UniqueIdentifier>{2054821d-1ee3-4202-abd2-2f8de7432f96}</UniqueIdentifier>
    </Filter>
  </ItemGroup>
  <ItemGroup>
    <ClInclude Include="Log\Log.h">
      <Filter>Header Files\Log</Filter>
    </ClInclude>
    <ClInclude Include="RegistryFilter.h">
      <Filter>Header Files</Filter>
    </ClInclude>
    <ClInclude Include="Registry\Includes.h">
      <Filter>Header Files\Registry</Filter>
    </ClInclude>
    <ClInclude Include="DeviceIO\DeviceIO.h">
      <Filter>Header Files\DeviceIO</Filter>
    </ClInclude>
    <ClInclude Include="Rule.h">
      <Filter>Header Files</Filter>
    </ClInclude>
    <ClInclude Include="Util\Util.h">
      <Filter>Header Files\Util</Filter>
    </ClInclude>
    <ClInclude Include="Notification.h">
      <Filter>Header Files</Filter>
    </ClInclude>
    <ClInclude Include="Notification\NotificationQueue.h">
      <Filter>Header Files\Notification</Filter>
    </ClInclude>
    <ClInclude Include="Process\ProcessObserver.h">
      <Filter>Header Files\Process</Filter>
    </ClInclude>
    <ClInclude Include="Process.h">
      <Filter>Header Files</Filter>
    </ClInclude>
  </ItemGroup>
  <ItemGroup>
    <ClCompile Include="Registry\RegistryFilterCallback.c">
      <Filter>Source Files\Registry</Filter>
    </ClCompile>
    <ClCompile Include="Registry\RegistryFilterInitialize.c">
      <Filter>Source Files\Registry</Filter>
    </ClCompile>
    <ClCompile Include="Registry\CreateKeyNotification.c">
      <Filter>Source Files\Registry</Filter>
    </ClCompile>
    <ClCompile Include="Registry\FilteredEntry.c">
      <Filter>Source Files\Registry</Filter>
    </ClCompile>
    <ClCompile Include="Registry\OpenKeyNotification.c">
      <Filter>Source Files\Registry</Filter>
    </ClCompile>
    <ClCompile Include="Registry\CleanupObectContextNotification.c">
      <Filter>Source Files\Registry</Filter>
    </ClCompile>
    <ClCompile Include="Registry\SetValueKeyNotification.c">
      <Filter>Source Files\Registry</Filter>
    </ClCompile>
    <ClCompile Include="DriverEntry.c">
      <Filter>Source Files</Filter>
    </ClCompile>
    <ClCompile Include="Registry\RegistryFilterUnload.c">
      <Filter>Source Files\Registry</Filter>
    </ClCompile>
    <ClCompile Include="Notification\NotificationSend.c">
      <Filter>Source Files\Notification</Filter>
    </ClCompile>
    <ClCompile Include="Notification\NotificationCopy.c">
      <Filter>Source Files\Notification</Filter>
    </ClCompile>
    <ClCompile Include="Notification\NotificationInitialize.c">
      <Filter>Source Files\Notification</Filter>
    </ClCompile>
    <ClCompile Include="DeviceIO\DeviceIO.c">
      <Filter>Source Files\DeviceIO</Filter>
    </ClCompile>
    <ClCompile Include="Registry\RegistryFilterRule.c">
      <Filter>Source Files\Registry</Filter>
    </ClCompile>
    <ClCompile Include="Util\UnicodeStringContains.c">
      <Filter>Source Files\Util</Filter>
    </ClCompile>
    <ClCompile Include="Notification\NotificationCreate.c">
      <Filter>Source Files\Notification</Filter>
    </ClCompile>
    <ClCompile Include="Process\ProcessCallback.c">
      <Filter>Source Files\Process</Filter>
    </ClCompile>
    <ClCompile Include="DeviceIO\csq.c">
      <Filter>Source Files\DeviceIO</Filter>
    </ClCompile>
  </ItemGroup>
</Project>